
Microsoft Visual Studio Solution File, Format Version 12.00
# Visual Studio 15
VisualStudioVersion = 15.0.27703.2018
MinimumVisualStudioVersion = 10.0.40219.1
Project("{FAE04EC0-301F-11D3-BF4B-00C04F79EFBC}") = "KMLTools.UI", "KMLTools.UI\KMLTools.UI.csproj", "{CED6FF7D-F8B4-4C9A-A270-73B7B76EF1EE}"
EndProject
Global
	GlobalSection(SolutionConfigurationPlatforms) = preSolution
		Debug|Any CPU = Debug|Any CPU
		Release|Any CPU = Release|Any CPU
	EndGlobalSection
	GlobalSection(ProjectConfigurationPlatforms) = postSolution
		{CED6FF7D-F8B4-4C9A-A270-73B7B76EF1EE}.Debug|Any CPU.ActiveCfg = Debug|Any CPU
		{CED6FF7D-F8B4-4C9A-A270-73B7B76EF1EE}.Debug|Any CPU.Build.0 = Debug|Any CPU
		{CED6FF7D-F8B4-4C9A-A270-73B7B76EF1EE}.Release|Any CPU.ActiveCfg = Release|Any CPU
		{CED6FF7D-F8B4-4C9A-A270-73B7B76EF1EE}.Release|Any CPU.Build.0 = Release|Any CPU
	EndGlobalSection
	GlobalSection(SolutionProperties) = preSolution
		HideSolutionNode = FALSE
	EndGlobalSection
	GlobalSection(ExtensibilityGlobals) = postSolution
		SolutionGuid = {09C2D185-4579-4C00-B41D-3B09F8FCC732}
	EndGlobalSection
EndGlobal
